// !$*UTF8*$!
{
	archiveVersion = 1;
	classes = {
	};
	objectVersion = 55;
	objects = {

/* Begin PBXBuildFile section */
		E24CF096279F2E10007EC2A9 /* DemoTableViewController.swift in Sources */ = {isa = PBXBuildFile; fileRef = E24CF095279F2E10007EC2A9 /* DemoTableViewController.swift */; };
		E26735D52759547600DCEEFB /* AppDelegate.swift in Sources */ = {isa = PBXBuildFile; fileRef = E26735D42759547600DCEEFB /* AppDelegate.swift */; };
		E26735DE2759547900DCEEFB /* Assets.xcassets in Resources */ = {isa = PBXBuildFile; fileRef = E26735DD2759547900DCEEFB /* Assets.xcassets */; };
		E26735E12759547900DCEEFB /* LaunchScreen.storyboard in Resources */ = {isa = PBXBuildFile; fileRef = E26735DF2759547900DCEEFB /* LaunchScreen.storyboard */; };
		E26735EC2759552700DCEEFB /* DPUIKit in Frameworks */ = {isa = PBXBuildFile; productRef = E26735EB2759552700DCEEFB /* DPUIKit */; };
		E26735EE275955DB00DCEEFB /* DemoPageContainerViewController.swift in Sources */ = {isa = PBXBuildFile; fileRef = E26735ED275955DB00DCEEFB /* DemoPageContainerViewController.swift */; };
		E2801389275E9DAB007980FD /* DemoMainViewController.swift in Sources */ = {isa = PBXBuildFile; fileRef = E2801388275E9DAB007980FD /* DemoMainViewController.swift */; };
/* End PBXBuildFile section */

/* Begin PBXFileReference section */
		E24CF095279F2E10007EC2A9 /* DemoTableViewController.swift */ = {isa = PBXFileReference; lastKnownFileType = sourcecode.swift; path = DemoTableViewController.swift; sourceTree = "<group>"; };
		E26735D12759547600DCEEFB /* DPUIKitDemo.app */ = {isa = PBXFileReference; explicitFileType = wrapper.application; includeInIndex = 0; path = DPUIKitDemo.app; sourceTree = BUILT_PRODUCTS_DIR; };
		E26735D42759547600DCEEFB /* AppDelegate.swift */ = {isa = PBXFileReference; lastKnownFileType = sourcecode.swift; path = AppDelegate.swift; sourceTree = "<group>"; };
		E26735DD2759547900DCEEFB /* Assets.xcassets */ = {isa = PBXFileReference; lastKnownFileType = folder.assetcatalog; path = Assets.xcassets; sourceTree = "<group>"; };
		E26735E02759547900DCEEFB /* Base */ = {isa = PBXFileReference; lastKnownFileType = file.storyboard; name = Base; path = Base.lproj/LaunchScreen.storyboard; sourceTree = "<group>"; };
		E26735E22759547900DCEEFB /* Info.plist */ = {isa = PBXFileReference; lastKnownFileType = text.plist.xml; path = Info.plist; sourceTree = "<group>"; };
		E26735E92759550100DCEEFB /* DPUIKit */ = {isa = PBXFileReference; lastKnownFileType = folder; name = DPUIKit; path = ..; sourceTree = "<group>"; };
		E26735ED275955DB00DCEEFB /* DemoPageContainerViewController.swift */ = {isa = PBXFileReference; lastKnownFileType = sourcecode.swift; path = DemoPageContainerViewController.swift; sourceTree = "<group>"; };
		E2801388275E9DAB007980FD /* DemoMainViewController.swift */ = {isa = PBXFileReference; lastKnownFileType = sourcecode.swift; path = DemoMainViewController.swift; sourceTree = "<group>"; };
/* End PBXFileReference section */

/* Begin PBXFrameworksBuildPhase section */
		E26735CE2759547500DCEEFB /* Frameworks */ = {
			isa = PBXFrameworksBuildPhase;
			buildActionMask = 2147483647;
			files = (
				E26735EC2759552700DCEEFB /* DPUIKit in Frameworks */,
			);
			runOnlyForDeploymentPostprocessing = 0;
		};
/* End PBXFrameworksBuildPhase section */

/* Begin PBXGroup section */
		E26735C82759547500DCEEFB = {
			isa = PBXGroup;
			children = (
				E26735E82759550100DCEEFB /* Packages */,
				E26735D32759547600DCEEFB /* DPUIKitDemo */,
				E26735D22759547600DCEEFB /* Products */,
				E26735EA2759552700DCEEFB /* Frameworks */,
			);
			sourceTree = "<group>";
		};
		E26735D22759547600DCEEFB /* Products */ = {
			isa = PBXGroup;
			children = (
				E26735D12759547600DCEEFB /* DPUIKitDemo.app */,
			);
			name = Products;
			sourceTree = "<group>";
		};
		E26735D32759547600DCEEFB /* DPUIKitDemo */ = {
			isa = PBXGroup;
			children = (
				E26735E22759547900DCEEFB /* Info.plist */,
				E26735D42759547600DCEEFB /* AppDelegate.swift */,
				E26735DD2759547900DCEEFB /* Assets.xcassets */,
				E26735DF2759547900DCEEFB /* LaunchScreen.storyboard */,
				E26735EF27595B6400DCEEFB /* Screens */,
			);
			path = DPUIKitDemo;
			sourceTree = "<group>";
		};
		E26735E82759550100DCEEFB /* Packages */ = {
			isa = PBXGroup;
			children = (
				E26735E92759550100DCEEFB /* DPUIKit */,
			);
			name = Packages;
			sourceTree = "<group>";
		};
		E26735EA2759552700DCEEFB /* Frameworks */ = {
			isa = PBXGroup;
			children = (
			);
			name = Frameworks;
			sourceTree = "<group>";
		};
		E26735EF27595B6400DCEEFB /* Screens */ = {
			isa = PBXGroup;
			children = (
				E26735ED275955DB00DCEEFB /* DemoPageContainerViewController.swift */,
				E2801388275E9DAB007980FD /* DemoMainViewController.swift */,
				E24CF095279F2E10007EC2A9 /* DemoTableViewController.swift */,
			);
			path = Screens;
			sourceTree = "<group>";
		};
/* End PBXGroup section */

/* Begin PBXNativeTarget section */
		E26735D02759547500DCEEFB /* DPUIKitDemo */ = {
			isa = PBXNativeTarget;
			buildConfigurationList = E26735E52759547900DCEEFB /* Build configuration list for PBXNativeTarget "DPUIKitDemo" */;
			buildPhases = (
				E26735CD2759547500DCEEFB /* Sources */,
				E26735CE2759547500DCEEFB /* Frameworks */,
				E26735CF2759547500DCEEFB /* Resources */,
			);
			buildRules = (
			);
			dependencies = (
			);
			name = DPUIKitDemo;
			packageProductDependencies = (
				E26735EB2759552700DCEEFB /* DPUIKit */,
			);
			productName = DPUIKitDemo;
			productReference = E26735D12759547600DCEEFB /* DPUIKitDemo.app */;
			productType = "com.apple.product-type.application";
		};
/* End PBXNativeTarget section */

/* Begin PBXProject section */
		E26735C92759547500DCEEFB /* Project object */ = {
			isa = PBXProject;
			attributes = {
				BuildIndependentTargetsInParallel = 1;
				LastSwiftUpdateCheck = 1300;
				LastUpgradeCheck = 1300;
				TargetAttributes = {
					E26735D02759547500DCEEFB = {
						CreatedOnToolsVersion = 13.0;
					};
				};
			};
			buildConfigurationList = E26735CC2759547500DCEEFB /* Build configuration list for PBXProject "DPUIKitDemo" */;
			compatibilityVersion = "Xcode 13.0";
			developmentRegion = en;
			hasScannedForEncodings = 0;
			knownRegions = (
				en,
				Base,
			);
			mainGroup = E26735C82759547500DCEEFB;
			productRefGroup = E26735D22759547600DCEEFB /* Products */;
			projectDirPath = "";
			projectRoot = "";
			targets = (
				E26735D02759547500DCEEFB /* DPUIKitDemo */,
			);
		};
/* End PBXProject section */

/* Begin PBXResourcesBuildPhase section */
		E26735CF2759547500DCEEFB /* Resources */ = {
			isa = PBXResourcesBuildPhase;
			buildActionMask = 2147483647;
			files = (
				E26735E12759547900DCEEFB /* LaunchScreen.storyboard in Resources */,
				E26735DE2759547900DCEEFB /* Assets.xcassets in Resources */,
			);
			runOnlyForDeploymentPostprocessing = 0;
		};
/* End PBXResourcesBuildPhase section */

/* Begin PBXSourcesBuildPhase section */
		E26735CD2759547500DCEEFB /* Sources */ = {
			isa = PBXSourcesBuildPhase;
			buildActionMask = 2147483647;
			files = (
				E2801389275E9DAB007980FD /* DemoMainViewController.swift in Sources */,
				E26735EE275955DB00DCEEFB /* DemoPageContainerViewController.swift in Sources */,
				E24CF096279F2E10007EC2A9 /* DemoTableViewController.swift in Sources */,
				E26735D52759547600DCEEFB /* AppDelegate.swift in Sources */,
			);
			runOnlyForDeploymentPostprocessing = 0;
		};
/* End PBXSourcesBuildPhase section */

/* Begin PBXVariantGroup section */
		E26735DF2759547900DCEEFB /* LaunchScreen.storyboard */ = {
			isa = PBXVariantGroup;
			children = (
				E26735E02759547900DCEEFB /* Base */,
			);
			name = LaunchScreen.storyboard;
			sourceTree = "<group>";
		};
/* End PBXVariantGroup section */

/* Begin XCBuildConfiguration section */
		E26735E32759547900DCEEFB /* Debug */ = {
			isa = XCBuildConfiguration;
			buildSettings = {
				ALWAYS_SEARCH_USER_PATHS = NO;
				CLANG_ANALYZER_NONNULL = YES;
				CLANG_ANALYZER_NUMBER_OBJECT_CONVERSION = YES_AGGRESSIVE;
				CLANG_CXX_LANGUAGE_STANDARD = "gnu++17";
				CLANG_CXX_LIBRARY = "libc++";
				CLANG_ENABLE_MODULES = YES;
				CLANG_ENABLE_OBJC_ARC = YES;
				CLANG_ENABLE_OBJC_WEAK = YES;
				CLANG_WARN_BLOCK_CAPTURE_AUTORELEASING = YES;
				CLANG_WARN_BOOL_CONVERSION = YES;
				CLANG_WARN_COMMA = YES;
				CLANG_WARN_CONSTANT_CONVERSION = YES;
				CLANG_WARN_DEPRECATED_OBJC_IMPLEMENTATIONS = YES;
				CLANG_WARN_DIRECT_OBJC_ISA_USAGE = YES_ERROR;
				CLANG_WARN_DOCUMENTATION_COMMENTS = YES;
				CLANG_WARN_EMPTY_BODY = YES;
				CLANG_WARN_ENUM_CONVERSION = YES;
				CLANG_WARN_INFINITE_RECURSION = YES;
				CLANG_WARN_INT_CONVERSION = YES;
				CLANG_WARN_NON_LITERAL_NULL_CONVERSION = YES;
				CLANG_WARN_OBJC_IMPLICIT_RETAIN_SELF = YES;
				CLANG_WARN_OBJC_LITERAL_CONVERSION = YES;
				CLANG_WARN_OBJC_ROOT_CLASS = YES_ERROR;
				CLANG_WARN_QUOTED_INCLUDE_IN_FRAMEWORK_HEADER = YES;
				CLANG_WARN_RANGE_LOOP_ANALYSIS = YES;
				CLANG_WARN_STRICT_PROTOTYPES = YES;
				CLANG_WARN_SUSPICIOUS_MOVE = YES;
				CLANG_WARN_UNGUARDED_AVAILABILITY = YES_AGGRESSIVE;
				CLANG_WARN_UNREACHABLE_CODE = YES;
				CLANG_WARN__DUPLICATE_METHOD_MATCH = YES;
				COPY_PHASE_STRIP = NO;
				DEBUG_INFORMATION_FORMAT = dwarf;
				ENABLE_STRICT_OBJC_MSGSEND = YES;
				ENABLE_TESTABILITY = YES;
				GCC_C_LANGUAGE_STANDARD = gnu11;
				GCC_DYNAMIC_NO_PIC = NO;
				GCC_NO_COMMON_BLOCKS = YES;
				GCC_OPTIMIZATION_LEVEL = 0;
				GCC_PREPROCESSOR_DEFINITIONS = (
					"DEBUG=1",
					"$(inherited)",
				);
				GCC_WARN_64_TO_32_BIT_CONVERSION = YES;
				GCC_WARN_ABOUT_RETURN_TYPE = YES_ERROR;
				GCC_WARN_UNDECLARED_SELECTOR = YES;
				GCC_WARN_UNINITIALIZED_AUTOS = YES_AGGRESSIVE;
				GCC_WARN_UNUSED_FUNCTION = YES;
				GCC_WARN_UNUSED_VARIABLE = YES;
				IPHONEOS_DEPLOYMENT_TARGET = 11.0;
				MTL_ENABLE_DEBUG_INFO = INCLUDE_SOURCE;
				MTL_FAST_MATH = YES;
				ONLY_ACTIVE_ARCH = YES;
				SDKROOT = iphoneos;
				SWIFT_ACTIVE_COMPILATION_CONDITIONS = DEBUG;
				SWIFT_OPTIMIZATION_LEVEL = "-Onone";
			};
			name = Debug;
		};
		E26735E42759547900DCEEFB /* Release */ = {
			isa = XCBuildConfiguration;
			buildSettings = {
				ALWAYS_SEARCH_USER_PATHS = NO;
				CLANG_ANALYZER_NONNULL = YES;
				CLANG_ANALYZER_NUMBER_OBJECT_CONVERSION = YES_AGGRESSIVE;
				CLANG_CXX_LANGUAGE_STANDARD = "gnu++17";
				CLANG_CXX_LIBRARY = "libc++";
				CLANG_ENABLE_MODULES = YES;
				CLANG_ENABLE_OBJC_ARC = YES;
				CLANG_ENABLE_OBJC_WEAK = YES;
				CLANG_WARN_BLOCK_CAPTURE_AUTORELEASING = YES;
				CLANG_WARN_BOOL_CONVERSION = YES;
				CLANG_WARN_COMMA = YES;
				CLANG_WARN_CONSTANT_CONVERSION = YES;
				CLANG_WARN_DEPRECATED_OBJC_IMPLEMENTATIONS = YES;
				CLANG_WARN_DIRECT_OBJC_ISA_USAGE = YES_ERROR;
				CLANG_WARN_DOCUMENTATION_COMMENTS = YES;
				CLANG_WARN_EMPTY_BODY = YES;
				CLANG_WARN_ENUM_CONVERSION = YES;
				CLANG_WARN_INFINITE_RECURSION = YES;
				CLANG_WARN_INT_CONVERSION = YES;
				CLANG_WARN_NON_LITERAL_NULL_CONVERSION = YES;
				CLANG_WARN_OBJC_IMPLICIT_RETAIN_SELF = YES;
				CLANG_WARN_OBJC_LITERAL_CONVERSION = YES;
				CLANG_WARN_OBJC_ROOT_CLASS = YES_ERROR;
				CLANG_WARN_QUOTED_INCLUDE_IN_FRAMEWORK_HEADER = YES;
				CLANG_WARN_RANGE_LOOP_ANALYSIS = YES;
				CLANG_WARN_STRICT_PROTOTYPES = YES;
				CLANG_WARN_SUSPICIOUS_MOVE = YES;
				CLANG_WARN_UNGUARDED_AVAILABILITY = YES_AGGRESSIVE;
				CLANG_WARN_UNREACHABLE_CODE = YES;
				CLANG_WARN__DUPLICATE_METHOD_MATCH = YES;
				COPY_PHASE_STRIP = NO;
				DEBUG_INFORMATION_FORMAT = "dwarf-with-dsym";
				ENABLE_NS_ASSERTIONS = NO;
				ENABLE_STRICT_OBJC_MSGSEND = YES;
				GCC_C_LANGUAGE_STANDARD = gnu11;
				GCC_NO_COMMON_BLOCKS = YES;
				GCC_WARN_64_TO_32_BIT_CONVERSION = YES;
				GCC_WARN_ABOUT_RETURN_TYPE = YES_ERROR;
				GCC_WARN_UNDECLARED_SELECTOR = YES;
				GCC_WARN_UNINITIALIZED_AUTOS = YES_AGGRESSIVE;
				GCC_WARN_UNUSED_FUNCTION = YES;
				GCC_WARN_UNUSED_VARIABLE = YES;
				IPHONEOS_DEPLOYMENT_TARGET = 11.0;
				MTL_ENABLE_DEBUG_INFO = NO;
				MTL_FAST_MATH = YES;
				SDKROOT = iphoneos;
				SWIFT_COMPILATION_MODE = wholemodule;
				SWIFT_OPTIMIZATION_LEVEL = "-O";
				VALIDATE_PRODUCT = YES;
			};
			name = Release;
		};
		E26735E62759547900DCEEFB /* Debug */ = {
			isa = XCBuildConfiguration;
			buildSettings = {
				ASSETCATALOG_COMPILER_APPICON_NAME = AppIcon;
				ASSETCATALOG_COMPILER_GLOBAL_ACCENT_COLOR_NAME = AccentColor;
				CODE_SIGN_STYLE = Automatic;
				CURRENT_PROJECT_VERSION = 1;
				DEVELOPMENT_TEAM = DLCUWR6D7N;
				GENERATE_INFOPLIST_FILE = YES;
				INFOPLIST_FILE = DPUIKitDemo/Info.plist;
				INFOPLIST_KEY_UIApplicationSupportsIndirectInputEvents = YES;
				INFOPLIST_KEY_UILaunchStoryboardName = LaunchScreen;
				INFOPLIST_KEY_UISupportedInterfaceOrientations_iPad = "UIInterfaceOrientationPortrait UIInterfaceOrientationPortraitUpsideDown UIInterfaceOrientationLandscapeLeft UIInterfaceOrientationLandscapeRight";
				INFOPLIST_KEY_UISupportedInterfaceOrientations_iPhone = "UIInterfaceOrientationPortrait UIInterfaceOrientationLandscapeLeft UIInterfaceOrientationLandscapeRight";
				IPHONEOS_DEPLOYMENT_TARGET = 11.0;
				LD_RUNPATH_SEARCH_PATHS = (
					"$(inherited)",
					"@executable_path/Frameworks",
				);
				MARKETING_VERSION = 1.0;
				PRODUCT_BUNDLE_IDENTIFIER = appcraft.DPUIKitDemo;
				PRODUCT_NAME = "$(TARGET_NAME)";
				SWIFT_EMIT_LOC_STRINGS = YES;
				SWIFT_VERSION = 5.0;
				TARGETED_DEVICE_FAMILY = "1,2";
			};
			name = Debug;
		};
		E26735E72759547900DCEEFB /* Release */ = {
			isa = XCBuildConfiguration;
			buildSettings = {
				ASSETCATALOG_COMPILER_APPICON_NAME = AppIcon;
				ASSETCATALOG_COMPILER_GLOBAL_ACCENT_COLOR_NAME = AccentColor;
				CODE_SIGN_STYLE = Automatic;
				CURRENT_PROJECT_VERSION = 1;
				DEVELOPMENT_TEAM = DLCUWR6D7N;
				GENERATE_INFOPLIST_FILE = YES;
				INFOPLIST_FILE = DPUIKitDemo/Info.plist;
				INFOPLIST_KEY_UIApplicationSupportsIndirectInputEvents = YES;
				INFOPLIST_KEY_UILaunchStoryboardName = LaunchScreen;
				INFOPLIST_KEY_UISupportedInterfaceOrientations_iPad = "UIInterfaceOrientationPortrait UIInterfaceOrientationPortraitUpsideDown UIInterfaceOrientationLandscapeLeft UIInterfaceOrientationLandscapeRight";
				INFOPLIST_KEY_UISupportedInterfaceOrientations_iPhone = "UIInterfaceOrientationPortrait UIInterfaceOrientationLandscapeLeft UIInterfaceOrientationLandscapeRight";
				IPHONEOS_DEPLOYMENT_TARGET = 11.0;
				LD_RUNPATH_SEARCH_PATHS = (
					"$(inherited)",
					"@executable_path/Frameworks",
				);
				MARKETING_VERSION = 1.0;
				PRODUCT_BUNDLE_IDENTIFIER = appcraft.DPUIKitDemo;
				PRODUCT_NAME = "$(TARGET_NAME)";
				SWIFT_EMIT_LOC_STRINGS = YES;
				SWIFT_VERSION = 5.0;
				TARGETED_DEVICE_FAMILY = "1,2";
			};
			name = Release;
		};
/* End XCBuildConfiguration section */

/* Begin XCConfigurationList section */
		E26735CC2759547500DCEEFB /* Build configuration list for PBXProject "DPUIKitDemo" */ = {
			isa = XCConfigurationList;
			buildConfigurations = (
				E26735E32759547900DCEEFB /* Debug */,
				E26735E42759547900DCEEFB /* Release */,
			);
			defaultConfigurationIsVisible = 0;
			defaultConfigurationName = Release;
		};
		E26735E52759547900DCEEFB /* Build configuration list for PBXNativeTarget "DPUIKitDemo" */ = {
			isa = XCConfigurationList;
			buildConfigurations = (
				E26735E62759547900DCEEFB /* Debug */,
				E26735E72759547900DCEEFB /* Release */,
			);
			defaultConfigurationIsVisible = 0;
			defaultConfigurationName = Release;
		};
/* End XCConfigurationList section */

/* Begin XCSwiftPackageProductDependency section */
		E26735EB2759552700DCEEFB /* DPUIKit */ = {
			isa = XCSwiftPackageProductDependency;
			productName = DPUIKit;
		};
/* End XCSwiftPackageProductDependency section */
	};
	rootObject = E26735C92759547500DCEEFB /* Project object */;
}
