{
  "pins" : [
    {
      "identity" : "kingfisher",
      "kind" : "remoteSourceControl",
      "location" : "https://github.com/onevcat/Kingfisher.git",
      "state" : {
        "revision" : "8acda585eeb3b1ef72bffe0aa85f52a9bc16605c",
        "version" : "5.15.6"
      }
    }
  ],
  "version" : 2
}
